
Microsoft Visual Studio Solution File, Format Version 12.00
# Visual Studio Version 17
VisualStudioVersion = 17.4.33110.190
MinimumVisualStudioVersion = 10.0.40219.1
Project("{FAE04EC0-301F-11D3-BF4B-00C04F79EFBC}") = "LojaApi", "LojaApi\LojaApi.csproj", "{0F4BEB90-8188-4DAE-9703-1E5609E9ADCF}"
EndProject
Global
	GlobalSection(SolutionConfigurationPlatforms) = preSolution
		Debug|Any CPU = Debug|Any CPU
		Release|Any CPU = Release|Any CPU
	EndGlobalSection
	GlobalSection(ProjectConfigurationPlatforms) = postSolution
		{0F4BEB90-8188-4DAE-9703-1E5609E9ADCF}.Debug|Any CPU.ActiveCfg = Debug|Any CPU
		{0F4BEB90-8188-4DAE-9703-1E5609E9ADCF}.Debug|Any CPU.Build.0 = Debug|Any CPU
		{0F4BEB90-8188-4DAE-9703-1E5609E9ADCF}.Release|Any CPU.ActiveCfg = Release|Any CPU
		{0F4BEB90-8188-4DAE-9703-1E5609E9ADCF}.Release|Any CPU.Build.0 = Release|Any CPU
	EndGlobalSection
	GlobalSection(SolutionProperties) = preSolution
		HideSolutionNode = FALSE
	EndGlobalSection
	GlobalSection(ExtensibilityGlobals) = postSolution
		SolutionGuid = {59D18AE4-B3C2-4BCF-B527-6D923AFA8CF3}
	EndGlobalSection
EndGlobal
